
Microsoft Visual Studio Solution File, Format Version 12.00
# Visual Studio Version 17
VisualStudioVersion = 17.5.33516.290
MinimumVisualStudioVersion = 10.0.40219.1
Project("{FAE04EC0-301F-11D3-BF4B-00C04F79EFBC}") = "Looping", "Looping\Looping.csproj", "{AFEC0D3D-2369-47D6-8BE9-B10EF1CFCCA8}"
EndProject
Global
	GlobalSection(SolutionConfigurationPlatforms) = preSolution
		Debug|Any CPU = Debug|Any CPU
		Release|Any CPU = Release|Any CPU
	EndGlobalSection
	GlobalSection(ProjectConfigurationPlatforms) = postSolution
		{AFEC0D3D-2369-47D6-8BE9-B10EF1CFCCA8}.Debug|Any CPU.ActiveCfg = Debug|Any CPU
		{AFEC0D3D-2369-47D6-8BE9-B10EF1CFCCA8}.Debug|Any CPU.Build.0 = Debug|Any CPU
		{AFEC0D3D-2369-47D6-8BE9-B10EF1CFCCA8}.Release|Any CPU.ActiveCfg = Release|Any CPU
		{AFEC0D3D-2369-47D6-8BE9-B10EF1CFCCA8}.Release|Any CPU.Build.0 = Release|Any CPU
	EndGlobalSection
	GlobalSection(SolutionProperties) = preSolution
		HideSolutionNode = FALSE
	EndGlobalSection
	GlobalSection(ExtensibilityGlobals) = postSolution
		SolutionGuid = {1A9F4ED4-04E9-4F92-B47D-3FEB6A2452E0}
	EndGlobalSection
EndGlobal
